github.com/go-widgets/painter v0.1.0 h1:Qux2JBcSHla5nYtOhhK/Z4WCDDyQmHivKyLdZhDXFAU=
github.com/go-widgets/painter v0.1.0/go.mod h1:ccmlkH2UmcXQh6rt9Fu2eDt2RI0B5V0POaGmUKeW0EQ=
github.com/go-widgets/painter v0.1.1-0.20260706183023-1373a47de8fc h1:c7v5cf1Ny4aNxom1Np5yDUhljVl/YCc4vPEigCGQE7k=
github.com/go-widgets/painter v0.1.1-0.20260706183023-1373a47de8fc/go.mod h1:ccmlkH2UmcXQh6rt9Fu2eDt2RI0B5V0POaGmUKeW0EQ=
