github.com/go-opentype/bidi v0.2.0 h1:ze8chEUw22c98LZug2GByD9cc3Zuq0qARxrSLGj1ioQ=
github.com/go-opentype/bidi v0.2.0/go.mod h1:PaWZ9P93jwQaXsEvAoSxvJ3P70S9f8TuFGDstTvcfmM=
github.com/go-opentype/fonts v0.3.0 h1:ufqQmIoc34aDufJzUAVaufGcFV5ljJEv4IqmZGF3+4E=
github.com/go-opentype/fonts v0.3.0/go.mod h1:C6yQL2apHItfEZ5hztpsHF0S5mlX/hklLlq/Z5fRG/g=
github.com/go-opentype/opentype v0.3.4 h1:g9iTtCjSRblTIZ472lVCh2sXyDI9Ibo6KQhIcmHG+B4=
github.com/go-opentype/opentype v0.3.4/go.mod h1:AOixevJf7XQaH7+WG+OMIOZEbYPXfMqklVk26Y6YTUU=
github.com/go-opentype/shape v0.2.0 h1:l7pdGMPaU9+YUTcttKV92r7K4I8E2xUxisQ8tmp82tQ=
github.com/go-opentype/shape v0.2.0/go.mod h1:+o1Np/CeJjwbZonjk/s44oV9l1MIZ2O7BUpowOuBadg=
github.com/go-widgets/painter v0.1.3 h1:50oeDH76vMUlxQ8117wMFf5MGuAJlq5n2JeVS+QlpnM=
github.com/go-widgets/painter v0.1.3/go.mod h1:ccmlkH2UmcXQh6rt9Fu2eDt2RI0B5V0POaGmUKeW0EQ=
