github.com/ajroetker/go-highway v0.0.12 h1:OcGp/l/W7WQtH5ELLuNnKXCuR7ePpWGh2RWZI/INtck=
github.com/ajroetker/go-highway v0.0.12/go.mod h1:un7fcrwix7UOHJrr18Lgh5eeF+1yaZiGWdTw3FbfDv4=
github.com/andybalholm/brotli v1.2.6 h1:ftYnfj6usCp+UGV5kSJ3+chpMQgU+gJf/AxsUQ52REI=
github.com/andybalholm/brotli v1.2.6/go.mod h1:rzTDkvFWvIrjDXZHkuS16NPggd91W3kUSvPlQ1pLaKY=
github.com/coder/websocket v1.8.15 h1:6B2JPeOGlpff2Uz6vOEH1Vzpi0iUz20A+lPVhPHtNUA=
github.com/coder/websocket v1.8.15/go.mod h1:NX3SzP+inril6yawo5CQXx8+fk145lPDC6pumgx0mVg=
github.com/go-crdt/collab v0.77.1 h1:eKzzFLIt4eQpM/YLRbbViMbSdHcN6ivSHeA5aldqgzw=
github.com/go-crdt/collab v0.77.1/go.mod h1:LFqHBOnnr2kRFrTxCVJYWGlaF8jc7l51Z7yVrUY2RnA=
github.com/go-crdt/crdt v0.57.0 h1:sNLDTVCEnSb20gm77BUuYav8dzj5krmly/z9O7eRMCo=
github.com/go-crdt/crdt v0.57.0/go.mod h1:zdVTTDLGV5JYAoTJDqCivcAT+/B5gGebDsVd8QNZpVs=
github.com/go-gfx/gfx v0.35.0 h1:AaXMxDMxNB1hROxzx+3EoO06KxsrQUvnw/10olmSgVo=
github.com/go-gfx/gfx v0.35.0/go.mod h1:qIZS9u2+VnBk5CX7o4f/fQ5uD8c+mPFTtAPE85s8V90=
github.com/go-icons/iconoir v0.3.0 h1:kHG2sU5IsCvtBS1JICuXgfFo5f8UfwY1m7KYMVy97CI=
github.com/go-icons/iconoir v0.3.0/go.mod h1:lPh5OuzVQ+rR4qDPGgAdSRUhnCbHeCAX70HDdwp8/RI=
github.com/go-images/gif v0.2.0 h1:8Xl4Nan+PvyqH4wPre7wJUH61T2eJKOKonFKOdMdpkU=
github.com/go-images/gif v0.2.0/go.mod h1:rjpP1X62GLs6pmdMxuvwBjpV4LYE4Ue6rPbeqANWHrQ=
github.com/go-images/images v0.1.0 h1:KbbxTUpCbddpf6UsMFQetm75xsRXREyUjX0CIvd8YvE=
github.com/go-images/images v0.1.0/go.mod h1:+8V6BRjITiKEZyyvZZm//bQ8Pdr5rgHgLEElkVOMm40=
github.com/go-images/jpeg v0.3.0 h1:i6CGNbN2YNEz8stBI0hXjN6UwVGwQ9zCh8LvFeD8fHg=
github.com/go-images/jpeg v0.3.0/go.mod h1:3eUjtNscxUULLUH88DvMN8OKTq2C0/0AjubOjAHoHHk=
github.com/go-images/jpeg2000 v0.13.3 h1:GSnkQWQ72ANwfi/xYWt3za9Nfss+C1iBbk4uubLWYHw=
github.com/go-images/jpeg2000 v0.13.3/go.mod h1:r07D0wUJxBPZcsLTkLFt3OkL3DubrH6DsmRjJRnZYlo=
github.com/go-images/png v0.2.0 h1:RFPkHPuRYRvrDJol/Mmn9P1DSaLV8VPmEQ8BkZoCpL0=
github.com/go-images/png v0.2.0/go.mod h1:g1qayDmWLClHo9R5KQ+RrcUNTBcaA4c1thaIfEoS3vg=
github.com/go-opentype/fonts v0.12.0 h1:gjYYkbDZBK3JHpraakgGNnXdkGq8oADerhDYjC22ILQ=
github.com/go-opentype/fonts v0.12.0/go.mod h1:Kiep7ojxxaR2ALFeB/akcFHQyl1gG5OLIobp8EzaZSA=
github.com/go-opentype/opentype v0.15.0 h1:ioE3eCbNZavlk/w073J3uX5FKjqhgOHQw+wZZdJ+gE4=
github.com/go-opentype/opentype v0.15.0/go.mod h1:ZB31jTJl2mhPESXYMuUW+p36UrOabw/2+6mtyh/vNnI=
github.com/go-opentype/shape v0.7.0 h1:hXUkI4xdpkzq31ZYf/6zfkDAgRLZnTjI1q8DWLu5MGQ=
github.com/go-opentype/shape v0.7.0/go.mod h1:n8pMQ/MH4Oscxwd9J0B7RiZ5gKlD0yagRQKYsAmJ9Rw=
github.com/go-regexp/engine v0.1.3 h1:0U5DrrBEYjNX/f0yFESpQDWmJOtXmmZqluNAUBXjfxY=
github.com/go-regexp/engine v0.1.3/go.mod h1:8rju5lq5OkskQh9+m+FjBP6965giMPUdIOdrvFrbqn4=
github.com/go-richdoc/richdoc v0.6.0 h1:cema3hE5AAektDXTmvhWyBVnkCcZTVKhnkingwqsN7k=
github.com/go-richdoc/richdoc v0.6.0/go.mod h1:RhxAcqwoUg1pnTYCiRdKILzOZwOmraO0dMJI4N6yY70=
github.com/go-rouge/rouge v0.4.0 h1:f/5EVTEwiEnBOeyAtkV8r5KopdIRAsRoA7Kzi/cyh2Y=
github.com/go-rouge/rouge v0.4.0/go.mod h1:V4Xlyl1EDqEfrzloW9y6X0xpv/WvCvTiOWNIcByw2Y8=
github.com/go-ruby-regexp/regexp v0.0.0-20260927145504-6cbb63926eb2 h1:pNvJf0zgzg0rTEq1fToFa5fnzK13nIble80caTmdG3g=
github.com/go-ruby-regexp/regexp v0.0.0-20260927145504-6cbb63926eb2/go.mod h1:I3i2r1AXulgMBt/KiWBcxjnoNsB09ZFKkj2Vb5Mhzuw=
github.com/go-typeset/bidi v0.3.1 h1:fsTa0b9txt2SkH7M55EZ06+q3N9C4O0Oerf+SPLLGFs=
github.com/go-typeset/bidi v0.3.1/go.mod h1:ct3cmYT8Qt1FGJQ+2QaakrUxqaP4ZysgdQQg2ym5+Xo=
github.com/go-widgets/mvvm v0.14.0 h1:T7rDfZkoaWLycULc8XC6ZXYE0fBMhQgqkZRahPRBSS8=
github.com/go-widgets/mvvm v0.14.0/go.mod h1:LF77YW5D9sfgpS1WBP3uMG4gV4QfJhRUmFfUNPXxPlg=
github.com/go-widgets/painter v0.15.0 h1:0oeaRDTPcIe5/b0wHtYbAUsnReoidkSapr8y+iZJwDk=
github.com/go-widgets/painter v0.15.0/go.mod h1:FSLNdrtzfDF3md+vtaORyS4nrOKLW6eLaCT5BuO9EWg=
github.com/golang/protobuf v1.5.4 h1:i7eJL8qZTpSEXOPTxNKhASYpMn+8e5Q6AdndVa1dWek=
github.com/golang/protobuf v1.5.4/go.mod h1:lnTiLA8Wa4RWRcIUkrtSVa5nRhsEGBg48fD6rSs7xps=
github.com/google/go-cmp v0.7.0 h1:wk8382ETsv4JYUZwIsn6YpYiWiBsYLSJiTsyBybVuN8=
github.com/google/go-cmp v0.7.0/go.mod h1:pXiqmnSA92OHEEa9HXL2W4E7lf9JzCmGVUdgjX3N/iU=
github.com/grpc-transports/websocket v0.4.0 h1:P/PyEwzEOQRooWw4HNGEk/D8bkuoHJ/kwVw8EaPspPg=
github.com/grpc-transports/websocket v0.4.0/go.mod h1:mgExQGqHkZm7empGD6W/+/Va58EaptwEqUpOR2DmnYY=
github.com/sergeymakinen/go-bmp v1.0.0 h1:SdGTzp9WvCV0A1V0mBeaS7kQAwNLdVJbmHlqNWq0R+M=
github.com/sergeymakinen/go-bmp v1.0.0/go.mod h1:/mxlAQZRLxSvJFNIEGGLBE/m40f3ZnUifpgVDlcUIEY=
github.com/sergeymakinen/go-ico v1.0.0 h1:uL3khgvKkY6WfAetA+RqsguClBuu7HpvBB/nq/Jvr80=
github.com/sergeymakinen/go-ico v1.0.0/go.mod h1:wQ47mTczswBO5F0NoDt7O0IXgnV4Xy3ojrroMQzyhUk=
github.com/tannevaled/gobig2 v0.2.0 h1:yx97/ltljALrIWDFVqHjPUIjAp3bfUUhH8Z8UROvNLc=
github.com/tannevaled/gobig2 v0.2.0/go.mod h1:X0S1H+N35kg6zYgVYRqGMsGj3C35zs+iA2r1MXyPcV4=
github.com/xyproto/randomstring v1.0.5 h1:YtlWPoRdgMu3NZtP45drfy1GKoojuR7hmRcnhZqKjWU=
github.com/xyproto/randomstring v1.0.5/go.mod h1:rgmS5DeNXLivK7YprL0pY+lTuhNQW3iGxZ18UQApw/E=
golang.org/x/image v0.46.0 h1:b1+oYj0Jbp6K5MDT4i4/eZpYlk3V8SJhhDKh6LBHAyQ=
golang.org/x/image v0.46.0/go.mod h1:3B3W05VGVQyuXucLINLjXKrqISASfi4Xj+iCVkLMwew=
golang.org/x/net v0.60.0 h1:79p50tfZlm0J9YfoDsSi639qSXNGVwEzOPLCxM2FsYU=
golang.org/x/net v0.60.0/go.mod h1:2DA/G1UfVbCpQPeWTmMPGY7Cs2PkBkwu743bVX5PIVg=
golang.org/x/sys v0.48.0 h1:bbX/i/6MgT9BVLM9RT1thmxL04yeTAhbEz4SyadbXoo=
golang.org/x/sys v0.48.0/go.mod h1:hNLxWAXmnKAxqDtdwIYC4bM9oQPEecfsnNMuSxOs3og=
golang.org/x/text v0.42.0 h1:JbOZXgfeCPU9gacVtYliJqOhD+zhrEqK4LfdpmlUZqI=
golang.org/x/text v0.42.0/go.mod h1:ojzP1Z+2QtioaF8DTtO8K5q7JWVVYwZKenzujK0Zd0E=
gonum.org/v1/gonum v0.17.0 h1:VbpOemQlsSMrYmn7T2OUvQ4dqxQXU+ouZFQsZOx50z4=
gonum.org/v1/gonum v0.17.0/go.mod h1:El3tOrEuMpv2UdMrbNlKEh9vd86bmQ6vqIcDwxEOc1E=
google.golang.org/genproto/googleapis/rpc v0.0.0-20260706201446-f0a921348800 h1:qEHAMpSaUhtD0p3NbEEI83HwNGFxEwaSJ1G9PLnCBZE=
google.golang.org/genproto/googleapis/rpc v0.0.0-20260706201446-f0a921348800/go.mod h1:4Hqkh8ycfw05ld/3BWL7rJOSfebL2Q+DVDeRgYgxUU8=
google.golang.org/grpc v1.84.0 h1:soMyaPJ8pAak5PIQ0DGBUir0XRo2fRoMqhNWMLlLxO0=
google.golang.org/grpc v1.84.0/go.mod h1:ljCht0DrxQrXBDRTZp52Qxh3Ffk8CdYm2sj4O2QN2C0=
google.golang.org/protobuf v1.36.12 h1:pJOKDDOyeXErUroCihFAd5LQuwXBSpVnKGrj5o/fwxc=
google.golang.org/protobuf v1.36.12/go.mod h1:HTf+CrKn2C3g5S8VImy6tdcUvCska2kB7j23XfzDpco=
